// !$*UTF8*$!
{
	archiveVersion = 1;
	classes = {
	};
	objectVersion = 77;
	objects = {

/* Begin PBXBuildFile section */
		CD00000100000000000000E1 /* com.objective-see.taskexplorer.extension.systemextension in Embed System Extensions */ = {isa = PBXBuildFile; fileRef = CD0000010000000000000E02 /* com.objective-see.taskexplorer.extension.systemextension */; settings = {ATTRIBUTES = (RemoveHeadersOnCopy, ); }; };
/* End PBXBuildFile section */

/* Begin PBXContainerItemProxy section */
		CD0000010000000000000D01 /* PBXContainerItemProxy */ = {
			isa = PBXContainerItemProxy;
			containerPortal = CD0000010000000000000P01 /* Project object */;
			proxyType = 1;
			remoteGlobalIDString = CD0000010000000000000T02;
			remoteInfo = Extension;
		};
/* End PBXContainerItemProxy section */

/* Begin PBXCopyFilesBuildPhase section */
		CD0000010000000000000B14 /* Embed System Extensions */ = {
			isa = PBXCopyFilesBuildPhase;
			buildActionMask = 12;
			dstPath = "$(SYSTEM_EXTENSIONS_FOLDER_PATH)";
			dstSubfolderSpec = 16;
			files = (
				CD00000100000000000000E1 /* com.objective-see.taskexplorer.extension.systemextension in Embed System Extensions */,
			);
			name = "Embed System Extensions";
			runOnlyForDeploymentPostprocessing = 0;
		};
/* End PBXCopyFilesBuildPhase section */

/* Begin PBXFileReference section */
		CD0000010000000000000E01 /* TaskExplorer.app */ = {isa = PBXFileReference; explicitFileType = wrapper.application; includeInIndex = 0; path = TaskExplorer.app; sourceTree = BUILT_PRODUCTS_DIR; };
		CD0000010000000000000E02 /* com.objective-see.taskexplorer.extension.systemextension */ = {isa = PBXFileReference; explicitFileType = "wrapper.system-extension"; includeInIndex = 0; path = "com.objective-see.taskexplorer.extension.systemextension"; sourceTree = BUILT_PRODUCTS_DIR; };
/* End PBXFileReference section */

/* Begin PBXFileSystemSynchronizedBuildFileExceptionSet section */
		CD0000010000000000000X01 /* Exceptions for "App" folder in "TaskExplorer" target */ = {
			isa = PBXFileSystemSynchronizedBuildFileExceptionSet;
			membershipExceptions = (
				"images/Icon Template.psd",
				images/teText.ai,
				Info.plist,
			);
			target = CD0000010000000000000T01 /* TaskExplorer */;
		};
		CD0000010000000000000X02 /* Exceptions for "Extension" folder in "Extension" target */ = {
			isa = PBXFileSystemSynchronizedBuildFileExceptionSet;
			membershipExceptions = (
				Info.plist,
			);
			target = CD0000010000000000000T02 /* Extension */;
		};
/* End PBXFileSystemSynchronizedBuildFileExceptionSet section */

/* Begin PBXFileSystemSynchronizedRootGroup section */
		CD0000010000000000000G01 /* App */ = {
			isa = PBXFileSystemSynchronizedRootGroup;
			exceptions = (
				CD0000010000000000000X01 /* Exceptions for "App" folder in "TaskExplorer" target */,
			);
			path = App;
			sourceTree = "<group>";
		};
		CD0000010000000000000G02 /* Extension */ = {
			isa = PBXFileSystemSynchronizedRootGroup;
			exceptions = (
				CD0000010000000000000X02 /* Exceptions for "Extension" folder in "Extension" target */,
			);
			path = Extension;
			sourceTree = "<group>";
		};
		CD0000010000000000000G03 /* Shared */ = {
			isa = PBXFileSystemSynchronizedRootGroup;
			path = Shared;
			sourceTree = "<group>";
		};
/* End PBXFileSystemSynchronizedRootGroup section */

/* Begin PBXFrameworksBuildPhase section */
		CD0000010000000000000B12 /* Frameworks */ = {
			isa = PBXFrameworksBuildPhase;
			buildActionMask = 2147483647;
			files = (
			);
			runOnlyForDeploymentPostprocessing = 0;
		};
		CD0000010000000000000B22 /* Frameworks */ = {
			isa = PBXFrameworksBuildPhase;
			buildActionMask = 2147483647;
			files = (
			);
			runOnlyForDeploymentPostprocessing = 0;
		};
/* End PBXFrameworksBuildPhase section */

/* Begin PBXGroup section */
		CD0000010000000000000G00 = {
			isa = PBXGroup;
			children = (
				CD0000010000000000000G01 /* App */,
				CD0000010000000000000G02 /* Extension */,
				CD0000010000000000000G03 /* Shared */,
				CD0000010000000000000G04 /* Products */,
			);
			sourceTree = "<group>";
		};
		CD0000010000000000000G04 /* Products */ = {
			isa = PBXGroup;
			children = (
				CD0000010000000000000E01 /* TaskExplorer.app */,
				CD0000010000000000000E02 /* com.objective-see.taskexplorer.extension.systemextension */,
			);
			name = Products;
			sourceTree = "<group>";
		};
/* End PBXGroup section */

/* Begin PBXNativeTarget section */
		CD0000010000000000000T01 /* TaskExplorer */ = {
			isa = PBXNativeTarget;
			buildConfigurationList = CD0000010000000000000L02 /* Build configuration list for PBXNativeTarget "TaskExplorer" */;
			buildPhases = (
				CD0000010000000000000B11 /* Sources */,
				CD0000010000000000000B12 /* Frameworks */,
				CD0000010000000000000B13 /* Resources */,
				CD0000010000000000000B14 /* Embed System Extensions */,
			);
			buildRules = (
			);
			dependencies = (
				CD0000010000000000000D02 /* PBXTargetDependency */,
			);
			fileSystemSynchronizedGroups = (
				CD0000010000000000000G01 /* App */,
				CD0000010000000000000G03 /* Shared */,
			);
			name = TaskExplorer;
			packageProductDependencies = (
			);
			productName = TaskExplorer;
			productReference = CD0000010000000000000E01 /* TaskExplorer.app */;
			productType = "com.apple.product-type.application";
		};
		CD0000010000000000000T02 /* Extension */ = {
			isa = PBXNativeTarget;
			buildConfigurationList = CD0000010000000000000L03 /* Build configuration list for PBXNativeTarget "Extension" */;
			buildPhases = (
				CD0000010000000000000B21 /* Sources */,
				CD0000010000000000000B22 /* Frameworks */,
				CD0000010000000000000B23 /* Resources */,
			);
			buildRules = (
			);
			dependencies = (
			);
			fileSystemSynchronizedGroups = (
				CD0000010000000000000G02 /* Extension */,
				CD0000010000000000000G03 /* Shared */,
			);
			name = Extension;
			packageProductDependencies = (
			);
			productName = Extension;
			productReference = CD0000010000000000000E02 /* com.objective-see.taskexplorer.extension.systemextension */;
			productType = "com.apple.product-type.system-extension";
		};
/* End PBXNativeTarget section */

/* Begin PBXProject section */
		CD0000010000000000000P01 /* Project object */ = {
			isa = PBXProject;
			attributes = {
				BuildIndependentTargetsInParallel = YES;
				LastUpgradeCheck = 2600;
				ORGANIZATIONNAME = "Objective-See";
				TargetAttributes = {
					CD0000010000000000000T01 = {
						CreatedOnToolsVersion = 26.0;
					};
					CD0000010000000000000T02 = {
						CreatedOnToolsVersion = 26.0;
					};
				};
			};
			buildConfigurationList = CD0000010000000000000L01 /* Build configuration list for PBXProject "TaskExplorer" */;
			developmentRegion = en;
			hasScannedForEncodings = 0;
			knownRegions = (
				en,
				Base,
			);
			mainGroup = CD0000010000000000000G00;
			minimizedProjectReferenceProxies = 1;
			preferredProjectObjectVersion = 77;
			productRefGroup = CD0000010000000000000G04 /* Products */;
			projectDirPath = "";
			projectRoot = "";
			targets = (
				CD0000010000000000000T01 /* TaskExplorer */,
				CD0000010000000000000T02 /* Extension */,
			);
		};
/* End PBXProject section */

/* Begin PBXResourcesBuildPhase section */
		CD0000010000000000000B13 /* Resources */ = {
			isa = PBXResourcesBuildPhase;
			buildActionMask = 2147483647;
			files = (
			);
			runOnlyForDeploymentPostprocessing = 0;
		};
		CD0000010000000000000B23 /* Resources */ = {
			isa = PBXResourcesBuildPhase;
			buildActionMask = 2147483647;
			files = (
			);
			runOnlyForDeploymentPostprocessing = 0;
		};
/* End PBXResourcesBuildPhase section */

/* Begin PBXSourcesBuildPhase section */
		CD0000010000000000000B11 /* Sources */ = {
			isa = PBXSourcesBuildPhase;
			buildActionMask = 2147483647;
			files = (
			);
			runOnlyForDeploymentPostprocessing = 0;
		};
		CD0000010000000000000B21 /* Sources */ = {
			isa = PBXSourcesBuildPhase;
			buildActionMask = 2147483647;
			files = (
			);
			runOnlyForDeploymentPostprocessing = 0;
		};
/* End PBXSourcesBuildPhase section */

/* Begin PBXTargetDependency section */
		CD0000010000000000000D02 /* PBXTargetDependency */ = {
			isa = PBXTargetDependency;
			target = CD0000010000000000000T02 /* Extension */;
			targetProxy = CD0000010000000000000D01 /* PBXContainerItemProxy */;
		};
/* End PBXTargetDependency section */

/* Begin XCBuildConfiguration section */
		CD0000010000000000000C01 /* Debug */ = {
			isa = XCBuildConfiguration;
			buildSettings = {
				ALWAYS_SEARCH_USER_PATHS = NO;
				ASSETCATALOG_COMPILER_GENERATE_SWIFT_ASSET_SYMBOL_EXTENSIONS = YES;
				CLANG_ANALYZER_NONNULL = YES;
				CLANG_ANALYZER_NUMBER_OBJECT_CONVERSION = YES_AGGRESSIVE;
				CLANG_CXX_LANGUAGE_STANDARD = "gnu++20";
				CLANG_ENABLE_MODULES = YES;
				CLANG_ENABLE_OBJC_ARC = YES;
				CLANG_ENABLE_OBJC_WEAK = YES;
				CLANG_WARN_BLOCK_CAPTURE_AUTORELEASING = YES;
				CLANG_WARN_BOOL_CONVERSION = YES;
				CLANG_WARN_COMMA = YES;
				CLANG_WARN_CONSTANT_CONVERSION = YES;
				CLANG_WARN_DEPRECATED_OBJC_IMPLEMENTATIONS = YES;
				CLANG_WARN_DIRECT_OBJC_ISA_USAGE = YES_ERROR;
				CLANG_WARN_DOCUMENTATION_COMMENTS = NO;
				CLANG_WARN_EMPTY_BODY = YES;
				CLANG_WARN_ENUM_CONVERSION = YES;
				CLANG_WARN_INFINITE_RECURSION = YES;
				CLANG_WARN_INT_CONVERSION = YES;
				CLANG_WARN_NON_LITERAL_NULL_CONVERSION = YES;
				CLANG_WARN_OBJC_IMPLICIT_RETAIN_SELF = YES;
				CLANG_WARN_OBJC_LITERAL_CONVERSION = YES;
				CLANG_WARN_OBJC_ROOT_CLASS = YES_ERROR;
				CLANG_WARN_QUOTED_INCLUDE_IN_FRAMEWORK_HEADER = YES;
				CLANG_WARN_RANGE_LOOP_ANALYSIS = YES;
				CLANG_WARN_STRICT_PROTOTYPES = YES;
				CLANG_WARN_SUSPICIOUS_MOVE = YES;
				CLANG_WARN_UNGUARDED_AVAILABILITY = YES_AGGRESSIVE;
				CLANG_WARN_UNREACHABLE_CODE = YES;
				CLANG_WARN__DUPLICATE_METHOD_MATCH = YES;
				CODE_SIGN_IDENTITY = "Apple Development";
				CODE_SIGN_STYLE = Automatic;
				COPY_PHASE_STRIP = NO;
				CURRENT_PROJECT_VERSION = 3.0.0;
				DEBUG_INFORMATION_FORMAT = dwarf;
				DEVELOPMENT_TEAM = VBG97UB4TA;
				ENABLE_HARDENED_RUNTIME = YES;
				ENABLE_STRICT_OBJC_MSGSEND = YES;
				ENABLE_TESTABILITY = YES;
				ENABLE_USER_SCRIPT_SANDBOXING = YES;
				GCC_C_LANGUAGE_STANDARD = gnu17;
				GCC_DYNAMIC_NO_PIC = NO;
				GCC_ENABLE_OBJC_EXCEPTIONS = YES;
				GCC_NO_COMMON_BLOCKS = YES;
				GCC_OPTIMIZATION_LEVEL = 0;
				GCC_PREPROCESSOR_DEFINITIONS = (
					"DEBUG=1",
					"$(inherited)",
				);
				GCC_WARN_64_TO_32_BIT_CONVERSION = YES;
				GCC_WARN_ABOUT_DEPRECATED_FUNCTIONS = NO;
				GCC_WARN_ABOUT_RETURN_TYPE = YES_ERROR;
				GCC_WARN_UNDECLARED_SELECTOR = YES;
				GCC_WARN_UNINITIALIZED_AUTOS = YES_AGGRESSIVE;
				GCC_WARN_UNUSED_FUNCTION = YES;
				GCC_WARN_UNUSED_VARIABLE = YES;
				LOCALIZATION_PREFERS_STRING_CATALOGS = YES;
				MACOSX_DEPLOYMENT_TARGET = 14.0;
				MARKETING_VERSION = 3.0.0;
				MTL_ENABLE_DEBUG_INFO = INCLUDE_SOURCE;
				MTL_FAST_MATH = YES;
				ONLY_ACTIVE_ARCH = YES;
				SDKROOT = macosx;
				SWIFT_ACTIVE_COMPILATION_CONDITIONS = "DEBUG $(inherited)";
			};
			name = Debug;
		};
		CD0000010000000000000C02 /* Release */ = {
			isa = XCBuildConfiguration;
			buildSettings = {
				ALWAYS_SEARCH_USER_PATHS = NO;
				ASSETCATALOG_COMPILER_GENERATE_SWIFT_ASSET_SYMBOL_EXTENSIONS = YES;
				CLANG_ANALYZER_NONNULL = YES;
				CLANG_ANALYZER_NUMBER_OBJECT_CONVERSION = YES_AGGRESSIVE;
				CLANG_CXX_LANGUAGE_STANDARD = "gnu++20";
				CLANG_ENABLE_MODULES = YES;
				CLANG_ENABLE_OBJC_ARC = YES;
				CLANG_ENABLE_OBJC_WEAK = YES;
				CLANG_WARN_BLOCK_CAPTURE_AUTORELEASING = YES;
				CLANG_WARN_BOOL_CONVERSION = YES;
				CLANG_WARN_COMMA = YES;
				CLANG_WARN_CONSTANT_CONVERSION = YES;
				CLANG_WARN_DEPRECATED_OBJC_IMPLEMENTATIONS = YES;
				CLANG_WARN_DIRECT_OBJC_ISA_USAGE = YES_ERROR;
				CLANG_WARN_DOCUMENTATION_COMMENTS = NO;
				CLANG_WARN_EMPTY_BODY = YES;
				CLANG_WARN_ENUM_CONVERSION = YES;
				CLANG_WARN_INFINITE_RECURSION = YES;
				CLANG_WARN_INT_CONVERSION = YES;
				CLANG_WARN_NON_LITERAL_NULL_CONVERSION = YES;
				CLANG_WARN_OBJC_IMPLICIT_RETAIN_SELF = YES;
				CLANG_WARN_OBJC_LITERAL_CONVERSION = YES;
				CLANG_WARN_OBJC_ROOT_CLASS = YES_ERROR;
				CLANG_WARN_QUOTED_INCLUDE_IN_FRAMEWORK_HEADER = YES;
				CLANG_WARN_RANGE_LOOP_ANALYSIS = YES;
				CLANG_WARN_STRICT_PROTOTYPES = YES;
				CLANG_WARN_SUSPICIOUS_MOVE = YES;
				CLANG_WARN_UNGUARDED_AVAILABILITY = YES_AGGRESSIVE;
				CLANG_WARN_UNREACHABLE_CODE = YES;
				CLANG_WARN__DUPLICATE_METHOD_MATCH = YES;
				CODE_SIGN_IDENTITY = "Developer ID Application";
				CODE_SIGN_STYLE = Manual;
				COPY_PHASE_STRIP = NO;
				CURRENT_PROJECT_VERSION = 3.0.0;
				DEBUG_INFORMATION_FORMAT = "dwarf-with-dsym";
				DEVELOPMENT_TEAM = VBG97UB4TA;
				ENABLE_HARDENED_RUNTIME = YES;
				ENABLE_NS_ASSERTIONS = NO;
				ENABLE_STRICT_OBJC_MSGSEND = YES;
				ENABLE_USER_SCRIPT_SANDBOXING = YES;
				GCC_C_LANGUAGE_STANDARD = gnu17;
				GCC_ENABLE_OBJC_EXCEPTIONS = YES;
				GCC_NO_COMMON_BLOCKS = YES;
				GCC_WARN_64_TO_32_BIT_CONVERSION = YES;
				GCC_WARN_ABOUT_DEPRECATED_FUNCTIONS = NO;
				GCC_WARN_ABOUT_RETURN_TYPE = YES_ERROR;
				GCC_WARN_UNDECLARED_SELECTOR = YES;
				GCC_WARN_UNINITIALIZED_AUTOS = YES_AGGRESSIVE;
				GCC_WARN_UNUSED_FUNCTION = YES;
				GCC_WARN_UNUSED_VARIABLE = YES;
				LOCALIZATION_PREFERS_STRING_CATALOGS = YES;
				MACOSX_DEPLOYMENT_TARGET = 14.0;
				MARKETING_VERSION = 3.0.0;
				MTL_ENABLE_DEBUG_INFO = NO;
				MTL_FAST_MATH = YES;
				ONLY_ACTIVE_ARCH = NO;
				SDKROOT = macosx;
			};
			name = Release;
		};
		CD0000010000000000000C11 /* Debug */ = {
			isa = XCBuildConfiguration;
			buildSettings = {
				ASSETCATALOG_COMPILER_APPICON_NAME = AppIcon;
				CODE_SIGN_ENTITLEMENTS = App/App.entitlements;
				CODE_SIGN_STYLE = Automatic;
				COMBINE_HIDPI_IMAGES = YES;
				"DEVELOPMENT_TEAM[sdk=macosx*]" = VBG97UB4TA;
				GCC_PRECOMPILE_PREFIX_HEADER = YES;
				GCC_PREFIX_HEADER = "App/TaskExplorer-Prefix.pch";
				INFOPLIST_FILE = App/Info.plist;
				LD_RUNPATH_SEARCH_PATHS = (
					"$(inherited)",
					"@executable_path/../Frameworks",
				);
				OTHER_LDFLAGS = (
					"-framework",
					SystemExtensions,
					"-framework",
					Security,
					"-framework",
					SystemConfiguration,
					"-framework",
					Collaboration,
					"-framework",
					Quartz,
				);
				PRODUCT_BUNDLE_IDENTIFIER = "com.objective-see.taskexplorer";
				PRODUCT_NAME = TaskExplorer;
				SWIFT_OBJC_BRIDGING_HEADER = "App/TaskExplorer-Bridging-Header.h";
				SWIFT_OBJC_INTERFACE_HEADER_NAME = "TaskExplorer-Swift.h";
				SWIFT_OPTIMIZATION_LEVEL = "-Onone";
				SWIFT_VERSION = 5.0;
				USER_HEADER_SEARCH_PATHS = (
					"$(PROJECT_DIR)/Shared",
					"$(PROJECT_DIR)/App",
					"$(PROJECT_DIR)/App/Items",
					"$(PROJECT_DIR)/App/MachO",
					"$(PROJECT_DIR)/App/3rdParty",
				);
			};
			name = Debug;
		};
		CD0000010000000000000C12 /* Release */ = {
			isa = XCBuildConfiguration;
			buildSettings = {
				ASSETCATALOG_COMPILER_APPICON_NAME = AppIcon;
				CODE_SIGN_ENTITLEMENTS = App/App.entitlements;
				CODE_SIGN_INJECT_BASE_ENTITLEMENTS = NO;
				COMBINE_HIDPI_IMAGES = YES;
				"DEVELOPMENT_TEAM[sdk=macosx*]" = VBG97UB4TA;
				GCC_PRECOMPILE_PREFIX_HEADER = YES;
				GCC_PREFIX_HEADER = "App/TaskExplorer-Prefix.pch";
				INFOPLIST_FILE = App/Info.plist;
				LD_RUNPATH_SEARCH_PATHS = (
					"$(inherited)",
					"@executable_path/../Frameworks",
				);
				OTHER_LDFLAGS = (
					"-framework",
					SystemExtensions,
					"-framework",
					Security,
					"-framework",
					SystemConfiguration,
					"-framework",
					Collaboration,
					"-framework",
					Quartz,
				);
				PRODUCT_BUNDLE_IDENTIFIER = "com.objective-see.taskexplorer";
				PRODUCT_NAME = TaskExplorer;
				"PROVISIONING_PROFILE_SPECIFIER[sdk=macosx*]" = "TaskExplorer App";
				SWIFT_OBJC_BRIDGING_HEADER = "App/TaskExplorer-Bridging-Header.h";
				SWIFT_OBJC_INTERFACE_HEADER_NAME = "TaskExplorer-Swift.h";
				SWIFT_OPTIMIZATION_LEVEL = "-O";
				SWIFT_VERSION = 5.0;
				USER_HEADER_SEARCH_PATHS = (
					"$(PROJECT_DIR)/Shared",
					"$(PROJECT_DIR)/App",
					"$(PROJECT_DIR)/App/Items",
					"$(PROJECT_DIR)/App/MachO",
					"$(PROJECT_DIR)/App/3rdParty",
				);
			};
			name = Release;
		};
		CD0000010000000000000C21 /* Debug */ = {
			isa = XCBuildConfiguration;
			buildSettings = {
				CODE_SIGN_ENTITLEMENTS = Extension/Extension.entitlements;
				CODE_SIGN_STYLE = Automatic;
				"DEVELOPMENT_TEAM[sdk=macosx*]" = VBG97UB4TA;
				INFOPLIST_FILE = Extension/Info.plist;
				INFOPLIST_KEY_CFBundleDisplayName = "TaskExplorer Extension";
				LD_RUNPATH_SEARCH_PATHS = (
					"$(inherited)",
					"@executable_path/../Frameworks",
					"@executable_path/../../../../Frameworks",
				);
				OTHER_LDFLAGS = (
					"-lEndpointSecurity",
					"-lbsm",
					"-framework",
					Security,
					"-framework",
					SystemConfiguration,
				);
				PRODUCT_BUNDLE_IDENTIFIER = "com.objective-see.taskexplorer.extension";
				PRODUCT_NAME = "com.objective-see.taskexplorer.extension";
				SKIP_INSTALL = YES;
				SYSTEM_FRAMEWORK_SEARCH_PATHS = (
					"$(inherited)",
					"$(SYSTEM_LIBRARY_DIR)/PrivateFrameworks",
				);
				USER_HEADER_SEARCH_PATHS = (
					"$(PROJECT_DIR)/Shared",
					"$(PROJECT_DIR)/Extension",
				);
			};
			name = Debug;
		};
		CD0000010000000000000C22 /* Release */ = {
			isa = XCBuildConfiguration;
			buildSettings = {
				CODE_SIGN_ENTITLEMENTS = Extension/Extension.entitlements;
				CODE_SIGN_INJECT_BASE_ENTITLEMENTS = NO;
				"DEVELOPMENT_TEAM[sdk=macosx*]" = VBG97UB4TA;
				INFOPLIST_FILE = Extension/Info.plist;
				INFOPLIST_KEY_CFBundleDisplayName = "TaskExplorer Extension";
				LD_RUNPATH_SEARCH_PATHS = (
					"$(inherited)",
					"@executable_path/../Frameworks",
					"@executable_path/../../../../Frameworks",
				);
				OTHER_LDFLAGS = (
					"-lEndpointSecurity",
					"-lbsm",
					"-framework",
					Security,
					"-framework",
					SystemConfiguration,
				);
				PRODUCT_BUNDLE_IDENTIFIER = "com.objective-see.taskexplorer.extension";
				PRODUCT_NAME = "com.objective-see.taskexplorer.extension";
				"PROVISIONING_PROFILE_SPECIFIER[sdk=macosx*]" = "TaskExplorer Extension";
				SKIP_INSTALL = YES;
				SYSTEM_FRAMEWORK_SEARCH_PATHS = (
					"$(inherited)",
					"$(SYSTEM_LIBRARY_DIR)/PrivateFrameworks",
				);
				USER_HEADER_SEARCH_PATHS = (
					"$(PROJECT_DIR)/Shared",
					"$(PROJECT_DIR)/Extension",
				);
			};
			name = Release;
		};
/* End XCBuildConfiguration section */

/* Begin XCConfigurationList section */
		CD0000010000000000000L01 /* Build configuration list for PBXProject "TaskExplorer" */ = {
			isa = XCConfigurationList;
			buildConfigurations = (
				CD0000010000000000000C01 /* Debug */,
				CD0000010000000000000C02 /* Release */,
			);
			defaultConfigurationIsVisible = 0;
			defaultConfigurationName = Release;
		};
		CD0000010000000000000L02 /* Build configuration list for PBXNativeTarget "TaskExplorer" */ = {
			isa = XCConfigurationList;
			buildConfigurations = (
				CD0000010000000000000C11 /* Debug */,
				CD0000010000000000000C12 /* Release */,
			);
			defaultConfigurationIsVisible = 0;
			defaultConfigurationName = Release;
		};
		CD0000010000000000000L03 /* Build configuration list for PBXNativeTarget "Extension" */ = {
			isa = XCConfigurationList;
			buildConfigurations = (
				CD0000010000000000000C21 /* Debug */,
				CD0000010000000000000C22 /* Release */,
			);
			defaultConfigurationIsVisible = 0;
			defaultConfigurationName = Release;
		};
/* End XCConfigurationList section */
	};
	rootObject = CD0000010000000000000P01 /* Project object */;
}
